// !$*UTF8*$!
{
	archiveVersion = 1;
	classes = {
	};
	objectVersion = 77;
	objects = {

/* Begin PBXBuildFile section */
		E03EA3BE2EECA333009D4BCC /* GoogleSignIn in Frameworks */ = {isa = PBXBuildFile; productRef = E03EA3C02EECA333009D4BCC /* GoogleSignIn */; };
		E03EA3BF2EECA333009D4BCC /* GoogleSignInSwift in Frameworks */ = {isa = PBXBuildFile; productRef = E03EA3C12EECA333009D4BCC /* GoogleSignInSwift */; };
/* End PBXBuildFile section */

/* Begin PBXContainerItemProxy section */
		E03EA3A12EECA333009D4BCC /* PBXContainerItemProxy */ = {
			isa = PBXContainerItemProxy;
			containerPortal = E03EA38B2EECA330009D4BCC /* Project object */;
			proxyType = 1;
			remoteGlobalIDString = E03EA3922EECA330009D4BCC;
			remoteInfo = surgeapp;
		};
		E03EA3AB2EECA333009D4BCC /* PBXContainerItemProxy */ = {
			isa = PBXContainerItemProxy;
			containerPortal = E03EA38B2EECA330009D4BCC /* Project object */;
			proxyType = 1;
			remoteGlobalIDString = E03EA3922EECA330009D4BCC;
			remoteInfo = surgeapp;
		};
/* End PBXContainerItemProxy section */

/* Begin PBXFileReference section */
		E03EA3932EECA330009D4BCC /* surgeapp.app */ = {isa = PBXFileReference; explicitFileType = wrapper.application; includeInIndex = 0; path = surgeapp.app; sourceTree = BUILT_PRODUCTS_DIR; };
		E03EA3A02EECA333009D4BCC /* surgeappTests.xctest */ = {isa = PBXFileReference; explicitFileType = wrapper.cfbundle; includeInIndex = 0; path = surgeappTests.xctest; sourceTree = BUILT_PRODUCTS_DIR; };
		E03EA3AA2EECA333009D4BCC /* surgeappUITests.xctest */ = {isa = PBXFileReference; explicitFileType = wrapper.cfbundle; includeInIndex = 0; path = surgeappUITests.xctest; sourceTree = BUILT_PRODUCTS_DIR; };
/* End PBXFileReference section */

/* Begin PBXFileSystemSynchronizedRootGroup section */
		E03EA3952EECA330009D4BCC /* surgeapp */ = {
			isa = PBXFileSystemSynchronizedRootGroup;
			path = surgeapp;
			sourceTree = "<group>";
			exceptions = (
				E03EA3C42EECA333009D4BCC /* PBXFileSystemSynchronizedBuildFileExceptionSet */,
			);
		};
		E03EA3A32EECA333009D4BCC /* surgeappTests */ = {
			isa = PBXFileSystemSynchronizedRootGroup;
			path = surgeappTests;
			sourceTree = "<group>";
		};
		E03EA3AD2EECA333009D4BCC /* surgeappUITests */ = {
			isa = PBXFileSystemSynchronizedRootGroup;
			path = surgeappUITests;
			sourceTree = "<group>";
		};
/* End PBXFileSystemSynchronizedRootGroup section */

/* Begin PBXFrameworksBuildPhase section */
		E03EA3902EECA330009D4BCC /* Frameworks */ = {
			isa = PBXFrameworksBuildPhase;
			buildActionMask = 2147483647;
			files = (
				E03EA3BE2EECA333009D4BCC /* GoogleSignIn in Frameworks */,
				E03EA3BF2EECA333009D4BCC /* GoogleSignInSwift in Frameworks */,
			);
			runOnlyForDeploymentPostprocessing = 0;
		};
		E03EA39D2EECA333009D4BCC /* Frameworks */ = {
			isa = PBXFrameworksBuildPhase;
			buildActionMask = 2147483647;
			files = (
			);
			runOnlyForDeploymentPostprocessing = 0;
		};
		E03EA3A72EECA333009D4BCC /* Frameworks */ = {
			isa = PBXFrameworksBuildPhase;
			buildActionMask = 2147483647;
			files = (
			);
			runOnlyForDeploymentPostprocessing = 0;
		};
/* End PBXFrameworksBuildPhase section */

/* Begin PBXGroup section */
		E03EA38A2EECA330009D4BCC = {
			isa = PBXGroup;
			children = (
				E03EA3952EECA330009D4BCC /* surgeapp */,
				E03EA3A32EECA333009D4BCC /* surgeappTests */,
				E03EA3AD2EECA333009D4BCC /* surgeappUITests */,
				E03EA3942EECA330009D4BCC /* Products */,
			);
			sourceTree = "<group>";
		};
		E03EA3942EECA330009D4BCC /* Products */ = {
			isa = PBXGroup;
			children = (
				E03EA3932EECA330009D4BCC /* surgeapp.app */,
				E03EA3A02EECA333009D4BCC /* surgeappTests.xctest */,
				E03EA3AA2EECA333009D4BCC /* surgeappUITests.xctest */,
			);
			name = Products;
			sourceTree = "<group>";
		};
/* End PBXGroup section */

/* Begin PBXNativeTarget section */
		E03EA3922EECA330009D4BCC /* surgeapp */ = {
			isa = PBXNativeTarget;
			buildConfigurationList = E03EA3B42EECA333009D4BCC /* Build configuration list for PBXNativeTarget "surgeapp" */;
			buildPhases = (
				E03EA38F2EECA330009D4BCC /* Sources */,
				E03EA3902EECA330009D4BCC /* Frameworks */,
				E03EA3912EECA330009D4BCC /* Resources */,
			);
			buildRules = (
			);
			dependencies = (
			);
			fileSystemSynchronizedGroups = (
				E03EA3952EECA330009D4BCC /* surgeapp */,
			);
			name = surgeapp;
			packageProductDependencies = (
				E03EA3C02EECA333009D4BCC /* GoogleSignIn */,
				E03EA3C12EECA333009D4BCC /* GoogleSignInSwift */,
			);
			productName = surgeapp;
			productReference = E03EA3932EECA330009D4BCC /* surgeapp.app */;
			productType = "com.apple.product-type.application";
		};
		E03EA39F2EECA333009D4BCC /* surgeappTests */ = {
			isa = PBXNativeTarget;
			buildConfigurationList = E03EA3B72EECA333009D4BCC /* Build configuration list for PBXNativeTarget "surgeappTests" */;
			buildPhases = (
				E03EA39C2EECA333009D4BCC /* Sources */,
				E03EA39D2EECA333009D4BCC /* Frameworks */,
				E03EA39E2EECA333009D4BCC /* Resources */,
			);
			buildRules = (
			);
			dependencies = (
				E03EA3A22EECA333009D4BCC /* PBXTargetDependency */,
			);
			fileSystemSynchronizedGroups = (
				E03EA3A32EECA333009D4BCC /* surgeappTests */,
			);
			name = surgeappTests;
			packageProductDependencies = (
			);
			productName = surgeappTests;
			productReference = E03EA3A02EECA333009D4BCC /* surgeappTests.xctest */;
			productType = "com.apple.product-type.bundle.unit-test";
		};
		E03EA3A92EECA333009D4BCC /* surgeappUITests */ = {
			isa = PBXNativeTarget;
			buildConfigurationList = E03EA3BA2EECA333009D4BCC /* Build configuration list for PBXNativeTarget "surgeappUITests" */;
			buildPhases = (
				E03EA3A62EECA333009D4BCC /* Sources */,
				E03EA3A72EECA333009D4BCC /* Frameworks */,
				E03EA3A82EECA333009D4BCC /* Resources */,
			);
			buildRules = (
			);
			dependencies = (
				E03EA3AC2EECA333009D4BCC /* PBXTargetDependency */,
			);
			fileSystemSynchronizedGroups = (
				E03EA3AD2EECA333009D4BCC /* surgeappUITests */,
			);
			name = surgeappUITests;
			packageProductDependencies = (
			);
			productName = surgeappUITests;
			productReference = E03EA3AA2EECA333009D4BCC /* surgeappUITests.xctest */;
			productType = "com.apple.product-type.bundle.ui-testing";
		};
/* End PBXNativeTarget section */

/* Begin PBXProject section */
		E03EA38B2EECA330009D4BCC /* Project object */ = {
			isa = PBXProject;
			attributes = {
				BuildIndependentTargetsInParallel = 1;
				LastSwiftUpdateCheck = 2610;
				LastUpgradeCheck = 2610;
				TargetAttributes = {
					E03EA3922EECA330009D4BCC = {
						CreatedOnToolsVersion = 26.1.1;
					};
					E03EA39F2EECA333009D4BCC = {
						CreatedOnToolsVersion = 26.1.1;
						TestTargetID = E03EA3922EECA330009D4BCC;
					};
					E03EA3A92EECA333009D4BCC = {
						CreatedOnToolsVersion = 26.1.1;
						TestTargetID = E03EA3922EECA330009D4BCC;
					};
				};
			};
			buildConfigurationList = E03EA38E2EECA330009D4BCC /* Build configuration list for PBXProject "surgeapp" */;
			developmentRegion = en;
			hasScannedForEncodings = 0;
			knownRegions = (
				en,
				Base,
			);
			mainGroup = E03EA38A2EECA330009D4BCC;
			minimizedProjectReferenceProxies = 1;
			packageReferences = (
				E03EA3C22EECA333009D4BCC /* XCLocalSwiftPackageReference "../../Downloads/GoogleSignIn-iOS-main" */,
			);
			preferredProjectObjectVersion = 77;
			productRefGroup = E03EA3942EECA330009D4BCC /* Products */;
			projectDirPath = "";
			projectRoot = "";
			targets = (
				E03EA3922EECA330009D4BCC /* surgeapp */,
				E03EA39F2EECA333009D4BCC /* surgeappTests */,
				E03EA3A92EECA333009D4BCC /* surgeappUITests */,
			);
		};
/* End PBXProject section */

/* Begin PBXResourcesBuildPhase section */
		E03EA3912EECA330009D4BCC /* Resources */ = {
			isa = PBXResourcesBuildPhase;
			buildActionMask = 2147483647;
			files = (
			);
			runOnlyForDeploymentPostprocessing = 0;
		};
		E03EA39E2EECA333009D4BCC /* Resources */ = {
			isa = PBXResourcesBuildPhase;
			buildActionMask = 2147483647;
			files = (
			);
			runOnlyForDeploymentPostprocessing = 0;
		};
		E03EA3A82EECA333009D4BCC /* Resources */ = {
			isa = PBXResourcesBuildPhase;
			buildActionMask = 2147483647;
			files = (
			);
			runOnlyForDeploymentPostprocessing = 0;
		};
/* End PBXResourcesBuildPhase section */

/* Begin PBXSourcesBuildPhase section */
		E03EA38F2EECA330009D4BCC /* Sources */ = {
			isa = PBXSourcesBuildPhase;
			buildActionMask = 2147483647;
			files = (
			);
			runOnlyForDeploymentPostprocessing = 0;
		};
		E03EA39C2EECA333009D4BCC /* Sources */ = {
			isa = PBXSourcesBuildPhase;
			buildActionMask = 2147483647;
			files = (
			);
			runOnlyForDeploymentPostprocessing = 0;
		};
		E03EA3A62EECA333009D4BCC /* Sources */ = {
			isa = PBXSourcesBuildPhase;
			buildActionMask = 2147483647;
			files = (
			);
			runOnlyForDeploymentPostprocessing = 0;
		};
/* End PBXSourcesBuildPhase section */

/* Begin PBXTargetDependency section */
		E03EA3A22EECA333009D4BCC /* PBXTargetDependency */ = {
			isa = PBXTargetDependency;
			target = E03EA3922EECA330009D4BCC /* surgeapp */;
			targetProxy = E03EA3A12EECA333009D4BCC /* PBXContainerItemProxy */;
		};
		E03EA3AC2EECA333009D4BCC /* PBXTargetDependency */ = {
			isa = PBXTargetDependency;
			target = E03EA3922EECA330009D4BCC /* surgeapp */;
			targetProxy = E03EA3AB2EECA333009D4BCC /* PBXContainerItemProxy */;
		};
/* End PBXTargetDependency section */

/* Begin XCBuildConfiguration section */
		E03EA3B22EECA333009D4BCC /* Debug */ = {
			isa = XCBuildConfiguration;
			buildSettings = {
				ALWAYS_SEARCH_USER_PATHS = NO;
				ASSETCATALOG_COMPILER_GENERATE_SWIFT_ASSET_SYMBOL_EXTENSIONS = YES;
				CLANG_ANALYZER_NONNULL = YES;
				CLANG_ANALYZER_NUMBER_OBJECT_CONVERSION = YES_AGGRESSIVE;
				CLANG_CXX_LANGUAGE_STANDARD = "gnu++20";
				CLANG_ENABLE_MODULES = YES;
				CLANG_ENABLE_OBJC_ARC = YES;
				CLANG_ENABLE_OBJC_WEAK = YES;
				CLANG_WARN_BLOCK_CAPTURE_AUTORELEASING = YES;
				CLANG_WARN_BOOL_CONVERSION = YES;
				CLANG_WARN_COMMA = YES;
				CLANG_WARN_CONSTANT_CONVERSION = YES;
				CLANG_WARN_DEPRECATED_OBJC_IMPLEMENTATIONS = YES;
				CLANG_WARN_DIRECT_OBJC_ISA_USAGE = YES_ERROR;
				CLANG_WARN_DOCUMENTATION_COMMENTS = YES;
				CLANG_WARN_EMPTY_BODY = YES;
				CLANG_WARN_ENUM_CONVERSION = YES;
				CLANG_WARN_INFINITE_RECURSION = YES;
				CLANG_WARN_INT_CONVERSION = YES;
				CLANG_WARN_NON_LITERAL_NULL_CONVERSION = YES;
				CLANG_WARN_OBJC_IMPLICIT_RETAIN_SELF = YES;
				CLANG_WARN_OBJC_LITERAL_CONVERSION = YES;
				CLANG_WARN_OBJC_ROOT_CLASS = YES_ERROR;
				CLANG_WARN_QUOTED_INCLUDE_IN_FRAMEWORK_HEADER = YES;
				CLANG_WARN_RANGE_LOOP_ANALYSIS = YES;
				CLANG_WARN_STRICT_PROTOTYPES = YES;
				CLANG_WARN_SUSPICIOUS_MOVE = YES;
				CLANG_WARN_UNGUARDED_AVAILABILITY = YES_AGGRESSIVE;
				CLANG_WARN_UNREACHABLE_CODE = YES;
				CLANG_WARN__DUPLICATE_METHOD_MATCH = YES;
				COPY_PHASE_STRIP = NO;
				DEBUG_INFORMATION_FORMAT = dwarf;
				ENABLE_STRICT_OBJC_MSGSEND = YES;
				ENABLE_TESTABILITY = YES;
				ENABLE_USER_SCRIPT_SANDBOXING = YES;
				GCC_C_LANGUAGE_STANDARD = gnu17;
				GCC_DYNAMIC_NO_PIC = NO;
				GCC_NO_COMMON_BLOCKS = YES;
				GCC_OPTIMIZATION_LEVEL = 0;
				GCC_PREPROCESSOR_DEFINITIONS = (
					"DEBUG=1",
					"$(inherited)",
				);
				GCC_WARN_64_TO_32_BIT_CONVERSION = YES;
				GCC_WARN_ABOUT_RETURN_TYPE = YES_ERROR;
				GCC_WARN_UNDECLARED_SELECTOR = YES;
				GCC_WARN_UNINITIALIZED_AUTOS = YES_AGGRESSIVE;
				GCC_WARN_UNUSED_FUNCTION = YES;
				GCC_WARN_UNUSED_VARIABLE = YES;
				IPHONEOS_DEPLOYMENT_TARGET = 26.1;
				LOCALIZATION_PREFERS_STRING_CATALOGS = YES;
				MTL_ENABLE_DEBUG_INFO = INCLUDE_SOURCE;
				MTL_FAST_MATH = YES;
				ONLY_ACTIVE_ARCH = YES;
				SDKROOT = iphoneos;
				SWIFT_ACTIVE_COMPILATION_CONDITIONS = "DEBUG $(inherited)";
				SWIFT_OPTIMIZATION_LEVEL = "-Onone";
			};
			name = Debug;
		};
		E03EA3B32EECA333009D4BCC /* Release */ = {
			isa = XCBuildConfiguration;
			buildSettings = {
				ALWAYS_SEARCH_USER_PATHS = NO;
				ASSETCATALOG_COMPILER_GENERATE_SWIFT_ASSET_SYMBOL_EXTENSIONS = YES;
				CLANG_ANALYZER_NONNULL = YES;
				CLANG_ANALYZER_NUMBER_OBJECT_CONVERSION = YES_AGGRESSIVE;
				CLANG_CXX_LANGUAGE_STANDARD = "gnu++20";
				CLANG_ENABLE_MODULES = YES;
				CLANG_ENABLE_OBJC_ARC = YES;
				CLANG_ENABLE_OBJC_WEAK = YES;
				CLANG_WARN_BLOCK_CAPTURE_AUTORELEASING = YES;
				CLANG_WARN_BOOL_CONVERSION = YES;
				CLANG_WARN_COMMA = YES;
				CLANG_WARN_CONSTANT_CONVERSION = YES;
				CLANG_WARN_DEPRECATED_OBJC_IMPLEMENTATIONS = YES;
				CLANG_WARN_DIRECT_OBJC_ISA_USAGE = YES_ERROR;
				CLANG_WARN_DOCUMENTATION_COMMENTS = YES;
				CLANG_WARN_EMPTY_BODY = YES;
				CLANG_WARN_ENUM_CONVERSION = YES;
				CLANG_WARN_INFINITE_RECURSION = YES;
				CLANG_WARN_INT_CONVERSION = YES;
				CLANG_WARN_NON_LITERAL_NULL_CONVERSION = YES;
				CLANG_WARN_OBJC_IMPLICIT_RETAIN_SELF = YES;
				CLANG_WARN_OBJC_LITERAL_CONVERSION = YES;
				CLANG_WARN_OBJC_ROOT_CLASS = YES_ERROR;
				CLANG_WARN_QUOTED_INCLUDE_IN_FRAMEWORK_HEADER = YES;
				CLANG_WARN_RANGE_LOOP_ANALYSIS = YES;
				CLANG_WARN_STRICT_PROTOTYPES = YES;
				CLANG_WARN_SUSPICIOUS_MOVE = YES;
				CLANG_WARN_UNGUARDED_AVAILABILITY = YES_AGGRESSIVE;
				CLANG_WARN_UNREACHABLE_CODE = YES;
				CLANG_WARN__DUPLICATE_METHOD_MATCH = YES;
				COPY_PHASE_STRIP = NO;
				DEBUG_INFORMATION_FORMAT = "dwarf-with-dsym";
				ENABLE_NS_ASSERTIONS = NO;
				ENABLE_STRICT_OBJC_MSGSEND = YES;
				ENABLE_USER_SCRIPT_SANDBOXING = YES;
				GCC_C_LANGUAGE_STANDARD = gnu17;
				GCC_NO_COMMON_BLOCKS = YES;
				GCC_WARN_64_TO_32_BIT_CONVERSION = YES;
				GCC_WARN_ABOUT_RETURN_TYPE = YES_ERROR;
				GCC_WARN_UNDECLARED_SELECTOR = YES;
				GCC_WARN_UNINITIALIZED_AUTOS = YES_AGGRESSIVE;
				GCC_WARN_UNUSED_FUNCTION = YES;
				GCC_WARN_UNUSED_VARIABLE = YES;
				IPHONEOS_DEPLOYMENT_TARGET = 26.1;
				LOCALIZATION_PREFERS_STRING_CATALOGS = YES;
				MTL_ENABLE_DEBUG_INFO = NO;
				MTL_FAST_MATH = YES;
				SDKROOT = iphoneos;
				SWIFT_COMPILATION_MODE = wholemodule;
				VALIDATE_PRODUCT = YES;
			};
			name = Release;
		};
		E03EA3B52EECA333009D4BCC /* Debug */ = {
			isa = XCBuildConfiguration;
			buildSettings = {
				ASSETCATALOG_COMPILER_APPICON_NAME = AppIcon;
				ASSETCATALOG_COMPILER_GLOBAL_ACCENT_COLOR_NAME = AccentColor;
				CODE_SIGN_STYLE = Automatic;
				CURRENT_PROJECT_VERSION = 1;
				DEVELOPMENT_TEAM = LB232S7TR2;
				ENABLE_PREVIEWS = YES;
				GENERATE_INFOPLIST_FILE = NO;
				INFOPLIST_FILE = surgeapp/Info.plist;
				LD_RUNPATH_SEARCH_PATHS = (
					"$(inherited)",
					"@executable_path/Frameworks",
				);
				MARKETING_VERSION = 1.0;
				PRODUCT_BUNDLE_IDENTIFIER = com.socrani.surgeapp;
				PRODUCT_NAME = "$(TARGET_NAME)";
				STRING_CATALOG_GENERATE_SYMBOLS = YES;
				SWIFT_APPROACHABLE_CONCURRENCY = YES;
				SWIFT_DEFAULT_ACTOR_ISOLATION = MainActor;
				SWIFT_EMIT_LOC_STRINGS = YES;
				SWIFT_UPCOMING_FEATURE_MEMBER_IMPORT_VISIBILITY = YES;
				SWIFT_VERSION = 5.0;
				TARGETED_DEVICE_FAMILY = "1,2";
			};
			name = Debug;
		};
		E03EA3B62EECA333009D4BCC /* Release */ = {
			isa = XCBuildConfiguration;
			buildSettings = {
				ASSETCATALOG_COMPILER_APPICON_NAME = AppIcon;
				ASSETCATALOG_COMPILER_GLOBAL_ACCENT_COLOR_NAME = AccentColor;
				CODE_SIGN_STYLE = Automatic;
				CURRENT_PROJECT_VERSION = 1;
				DEVELOPMENT_TEAM = LB232S7TR2;
				ENABLE_PREVIEWS = YES;
				GENERATE_INFOPLIST_FILE = NO;
				INFOPLIST_FILE = surgeapp/Info.plist;
				LD_RUNPATH_SEARCH_PATHS = (
					"$(inherited)",
					"@executable_path/Frameworks",
				);
				MARKETING_VERSION = 1.0;
				PRODUCT_BUNDLE_IDENTIFIER = com.socrani.surgeapp;
				PRODUCT_NAME = "$(TARGET_NAME)";
				STRING_CATALOG_GENERATE_SYMBOLS = YES;
				SWIFT_APPROACHABLE_CONCURRENCY = YES;
				SWIFT_DEFAULT_ACTOR_ISOLATION = MainActor;
				SWIFT_EMIT_LOC_STRINGS = YES;
				SWIFT_UPCOMING_FEATURE_MEMBER_IMPORT_VISIBILITY = YES;
				SWIFT_VERSION = 5.0;
				TARGETED_DEVICE_FAMILY = "1,2";
			};
			name = Release;
		};
		E03EA3B82EECA333009D4BCC /* Debug */ = {
			isa = XCBuildConfiguration;
			buildSettings = {
				BUNDLE_LOADER = "$(TEST_HOST)";
				CODE_SIGN_STYLE = Automatic;
				CURRENT_PROJECT_VERSION = 1;
				GENERATE_INFOPLIST_FILE = YES;
				IPHONEOS_DEPLOYMENT_TARGET = 26.1;
				MARKETING_VERSION = 1.0;
				PRODUCT_BUNDLE_IDENTIFIER = com.socrani.surgeappTests;
				PRODUCT_NAME = "$(TARGET_NAME)";
				STRING_CATALOG_GENERATE_SYMBOLS = NO;
				SWIFT_APPROACHABLE_CONCURRENCY = YES;
				SWIFT_EMIT_LOC_STRINGS = NO;
				SWIFT_UPCOMING_FEATURE_MEMBER_IMPORT_VISIBILITY = YES;
				SWIFT_VERSION = 5.0;
				TARGETED_DEVICE_FAMILY = "1,2";
				TEST_HOST = "$(BUILT_PRODUCTS_DIR)/surgeapp.app/$(BUNDLE_EXECUTABLE_FOLDER_PATH)/surgeapp";
			};
			name = Debug;
		};
		E03EA3B92EECA333009D4BCC /* Release */ = {
			isa = XCBuildConfiguration;
			buildSettings = {
				BUNDLE_LOADER = "$(TEST_HOST)";
				CODE_SIGN_STYLE = Automatic;
				CURRENT_PROJECT_VERSION = 1;
				GENERATE_INFOPLIST_FILE = YES;
				IPHONEOS_DEPLOYMENT_TARGET = 26.1;
				MARKETING_VERSION = 1.0;
				PRODUCT_BUNDLE_IDENTIFIER = com.socrani.surgeappTests;
				PRODUCT_NAME = "$(TARGET_NAME)";
				STRING_CATALOG_GENERATE_SYMBOLS = NO;
				SWIFT_APPROACHABLE_CONCURRENCY = YES;
				SWIFT_EMIT_LOC_STRINGS = NO;
				SWIFT_UPCOMING_FEATURE_MEMBER_IMPORT_VISIBILITY = YES;
				SWIFT_VERSION = 5.0;
				TARGETED_DEVICE_FAMILY = "1,2";
				TEST_HOST = "$(BUILT_PRODUCTS_DIR)/surgeapp.app/$(BUNDLE_EXECUTABLE_FOLDER_PATH)/surgeapp";
			};
			name = Release;
		};
		E03EA3BB2EECA333009D4BCC /* Debug */ = {
			isa = XCBuildConfiguration;
			buildSettings = {
				CODE_SIGN_STYLE = Automatic;
				CURRENT_PROJECT_VERSION = 1;
				GENERATE_INFOPLIST_FILE = YES;
				MARKETING_VERSION = 1.0;
				PRODUCT_BUNDLE_IDENTIFIER = com.socrani.surgeappUITests;
				PRODUCT_NAME = "$(TARGET_NAME)";
				STRING_CATALOG_GENERATE_SYMBOLS = NO;
				SWIFT_APPROACHABLE_CONCURRENCY = YES;
				SWIFT_EMIT_LOC_STRINGS = NO;
				SWIFT_UPCOMING_FEATURE_MEMBER_IMPORT_VISIBILITY = YES;
				SWIFT_VERSION = 5.0;
				TARGETED_DEVICE_FAMILY = "1,2";
				TEST_TARGET_NAME = surgeapp;
			};
			name = Debug;
		};
		E03EA3BC2EECA333009D4BCC /* Release */ = {
			isa = XCBuildConfiguration;
			buildSettings = {
				CODE_SIGN_STYLE = Automatic;
				CURRENT_PROJECT_VERSION = 1;
				GENERATE_INFOPLIST_FILE = YES;
				MARKETING_VERSION = 1.0;
				PRODUCT_BUNDLE_IDENTIFIER = com.socrani.surgeappUITests;
				PRODUCT_NAME = "$(TARGET_NAME)";
				STRING_CATALOG_GENERATE_SYMBOLS = NO;
				SWIFT_APPROACHABLE_CONCURRENCY = YES;
				SWIFT_EMIT_LOC_STRINGS = NO;
				SWIFT_UPCOMING_FEATURE_MEMBER_IMPORT_VISIBILITY = YES;
				SWIFT_VERSION = 5.0;
				TARGETED_DEVICE_FAMILY = "1,2";
				TEST_TARGET_NAME = surgeapp;
			};
			name = Release;
		};
/* End XCBuildConfiguration section */

/* Begin XCConfigurationList section */
		E03EA38E2EECA330009D4BCC /* Build configuration list for PBXProject "surgeapp" */ = {
			isa = XCConfigurationList;
			buildConfigurations = (
				E03EA3B22EECA333009D4BCC /* Debug */,
				E03EA3B32EECA333009D4BCC /* Release */,
			);
			defaultConfigurationIsVisible = 0;
			defaultConfigurationName = Release;
		};
		E03EA3B42EECA333009D4BCC /* Build configuration list for PBXNativeTarget "surgeapp" */ = {
			isa = XCConfigurationList;
			buildConfigurations = (
				E03EA3B52EECA333009D4BCC /* Debug */,
				E03EA3B62EECA333009D4BCC /* Release */,
			);
			defaultConfigurationIsVisible = 0;
			defaultConfigurationName = Release;
		};
		E03EA3B72EECA333009D4BCC /* Build configuration list for PBXNativeTarget "surgeappTests" */ = {
			isa = XCConfigurationList;
			buildConfigurations = (
				E03EA3B82EECA333009D4BCC /* Debug */,
				E03EA3B92EECA333009D4BCC /* Release */,
			);
			defaultConfigurationIsVisible = 0;
			defaultConfigurationName = Release;
		};
		E03EA3BA2EECA333009D4BCC /* Build configuration list for PBXNativeTarget "surgeappUITests" */ = {
			isa = XCConfigurationList;
			buildConfigurations = (
				E03EA3BB2EECA333009D4BCC /* Debug */,
				E03EA3BC2EECA333009D4BCC /* Release */,
			);
			defaultConfigurationIsVisible = 0;
			defaultConfigurationName = Release;
		};
/* End XCConfigurationList section */

/* Begin XCLocalSwiftPackageReference section */
		E03EA3C22EECA333009D4BCC /* XCLocalSwiftPackageReference "../../Downloads/GoogleSignIn-iOS-main" */ = {
			isa = XCLocalSwiftPackageReference;
			relativePath = "../../Downloads/GoogleSignIn-iOS-main";
		};
/* End XCLocalSwiftPackageReference section */

/* Begin XCSwiftPackageProductDependency section */
		E03EA3C02EECA333009D4BCC /* GoogleSignIn */ = {
			isa = XCSwiftPackageProductDependency;
			package = E03EA3C22EECA333009D4BCC /* XCLocalSwiftPackageReference "../../Downloads/GoogleSignIn-iOS-main" */;
			productName = GoogleSignIn;
		};
		E03EA3C12EECA333009D4BCC /* GoogleSignInSwift */ = {
			isa = XCSwiftPackageProductDependency;
			package = E03EA3C22EECA333009D4BCC /* XCLocalSwiftPackageReference "../../Downloads/GoogleSignIn-iOS-main" */;
			productName = GoogleSignInSwift;
		};
/* End XCSwiftPackageProductDependency section */

/* Begin PBXFileSystemSynchronizedBuildFileExceptionSet section */
		E03EA3C42EECA333009D4BCC /* PBXFileSystemSynchronizedBuildFileExceptionSet */ = {
			isa = PBXFileSystemSynchronizedBuildFileExceptionSet;
			exceptions = (
				{
					exceptionKind = 1;
					filePath = Info.plist;
				},
			);
		};
/* End PBXFileSystemSynchronizedBuildFileExceptionSet section */
	};
	rootObject = E03EA38B2EECA330009D4BCC /* Project object */;
}
